
Microsoft Visual Studio Solution File, Format Version 12.00
# Visual Studio 2012
Project("{FAE04EC0-301F-11D3-BF4B-00C04F79EFBC}") = "IvyPortfolio", "IvyPortfolio\IvyPortfolio.csproj", "{4D0470AE-87BF-4B07-A528-30B16D2286AB}"
EndProject
Global
	GlobalSection(SolutionConfigurationPlatforms) = preSolution
		Debug|anycpu = Debug|anycpu
		Release|anycpu = Release|anycpu
	EndGlobalSection
	GlobalSection(ProjectConfigurationPlatforms) = postSolution
		{4D0470AE-87BF-4B07-A528-30B16D2286AB}.Debug|anycpu.ActiveCfg = Debug|anycpu
		{4D0470AE-87BF-4B07-A528-30B16D2286AB}.Debug|anycpu.Build.0 = Debug|anycpu
		{4D0470AE-87BF-4B07-A528-30B16D2286AB}.Release|anycpu.ActiveCfg = Release|anycpu
		{4D0470AE-87BF-4B07-A528-30B16D2286AB}.Release|anycpu.Build.0 = Release|anycpu
	EndGlobalSection
EndGlobal
